// !$*UTF8*$!
{
	archiveVersion = 1;
	classes = {
	};
	objectVersion = 50;
	objects = {

/* Begin PBXBuildFile section */
		44E82DC224D1641000A1741E /* SidebarApp.swift in Sources */ = {isa = PBXBuildFile; fileRef = 44E82DAF24D1640E00A1741E /* SidebarApp.swift */; };
		44E82DC324D1641000A1741E /* SidebarApp.swift in Sources */ = {isa = PBXBuildFile; fileRef = 44E82DAF24D1640E00A1741E /* SidebarApp.swift */; };
		44E82DC424D1641000A1741E /* ContentView.swift in Sources */ = {isa = PBXBuildFile; fileRef = 44E82DB024D1640E00A1741E /* ContentView.swift */; };
		44E82DC524D1641000A1741E /* ContentView.swift in Sources */ = {isa = PBXBuildFile; fileRef = 44E82DB024D1640E00A1741E /* ContentView.swift */; };
		44E82DC624D1641000A1741E /* Assets.xcassets in Resources */ = {isa = PBXBuildFile; fileRef = 44E82DB124D1641000A1741E /* Assets.xcassets */; };
		44E82DC724D1641000A1741E /* Assets.xcassets in Resources */ = {isa = PBXBuildFile; fileRef = 44E82DB124D1641000A1741E /* Assets.xcassets */; };
		44E82DD124D164AB00A1741E /* SidebarView.swift in Sources */ = {isa = PBXBuildFile; fileRef = 44E82DD024D164AB00A1741E /* SidebarView.swift */; };
/* End PBXBuildFile section */

/* Begin PBXFileReference section */
		44E82DAF24D1640E00A1741E /* SidebarApp.swift */ = {isa = PBXFileReference; lastKnownFileType = sourcecode.swift; path = SidebarApp.swift; sourceTree = "<group>"; };
		44E82DB024D1640E00A1741E /* ContentView.swift */ = {isa = PBXFileReference; lastKnownFileType = sourcecode.swift; path = ContentView.swift; sourceTree = "<group>"; };
		44E82DB124D1641000A1741E /* Assets.xcassets */ = {isa = PBXFileReference; lastKnownFileType = folder.assetcatalog; path = Assets.xcassets; sourceTree = "<group>"; };
		44E82DB624D1641000A1741E /* Demo Sidebar.app */ = {isa = PBXFileReference; explicitFileType = wrapper.application; includeInIndex = 0; path = "Demo Sidebar.app"; sourceTree = BUILT_PRODUCTS_DIR; };
		44E82DB924D1641000A1741E /* Info.plist */ = {isa = PBXFileReference; lastKnownFileType = text.plist.xml; path = Info.plist; sourceTree = "<group>"; };
		44E82DBE24D1641000A1741E /* Demo Sidebar.app */ = {isa = PBXFileReference; explicitFileType = wrapper.application; includeInIndex = 0; path = "Demo Sidebar.app"; sourceTree = BUILT_PRODUCTS_DIR; };
		44E82DC024D1641000A1741E /* Info.plist */ = {isa = PBXFileReference; lastKnownFileType = text.plist.xml; path = Info.plist; sourceTree = "<group>"; };
		44E82DC124D1641000A1741E /* macOS.entitlements */ = {isa = PBXFileReference; lastKnownFileType = text.plist.entitlements; path = macOS.entitlements; sourceTree = "<group>"; };
		44E82DD024D164AB00A1741E /* SidebarView.swift */ = {isa = PBXFileReference; lastKnownFileType = sourcecode.swift; path = SidebarView.swift; sourceTree = "<group>"; };
/* End PBXFileReference section */

/* Begin PBXFrameworksBuildPhase section */
		44E82DB324D1641000A1741E /* Frameworks */ = {
			isa = PBXFrameworksBuildPhase;
			buildActionMask = 2147483647;
			files = (
			);
			runOnlyForDeploymentPostprocessing = 0;
		};
		44E82DBB24D1641000A1741E /* Frameworks */ = {
			isa = PBXFrameworksBuildPhase;
			buildActionMask = 2147483647;
			files = (
			);
			runOnlyForDeploymentPostprocessing = 0;
		};
/* End PBXFrameworksBuildPhase section */

/* Begin PBXGroup section */
		44E82DA924D1640E00A1741E = {
			isa = PBXGroup;
			children = (
				44E82DAE24D1640E00A1741E /* Shared */,
				44E82DB824D1641000A1741E /* iOS */,
				44E82DBF24D1641000A1741E /* macOS */,
				44E82DB724D1641000A1741E /* Products */,
			);
			sourceTree = "<group>";
		};
		44E82DAE24D1640E00A1741E /* Shared */ = {
			isa = PBXGroup;
			children = (
				44E82DAF24D1640E00A1741E /* SidebarApp.swift */,
				44E82DB024D1640E00A1741E /* ContentView.swift */,
				44E82DD024D164AB00A1741E /* SidebarView.swift */,
				44E82DB124D1641000A1741E /* Assets.xcassets */,
			);
			path = Shared;
			sourceTree = "<group>";
		};
		44E82DB724D1641000A1741E /* Products */ = {
			isa = PBXGroup;
			children = (
				44E82DB624D1641000A1741E /* Demo Sidebar.app */,
				44E82DBE24D1641000A1741E /* Demo Sidebar.app */,
			);
			name = Products;
			sourceTree = "<group>";
		};
		44E82DB824D1641000A1741E /* iOS */ = {
			isa = PBXGroup;
			children = (
				44E82DB924D1641000A1741E /* Info.plist */,
			);
			path = iOS;
			sourceTree = "<group>";
		};
		44E82DBF24D1641000A1741E /* macOS */ = {
			isa = PBXGroup;
			children = (
				44E82DC024D1641000A1741E /* Info.plist */,
				44E82DC124D1641000A1741E /* macOS.entitlements */,
			);
			path = macOS;
			sourceTree = "<group>";
		};
/* End PBXGroup section */

/* Begin PBXNativeTarget section */
		44E82DB524D1641000A1741E /* Demo Sidebar (iOS) */ = {
			isa = PBXNativeTarget;
			buildConfigurationList = 44E82DCA24D1641000A1741E /* Build configuration list for PBXNativeTarget "Demo Sidebar (iOS)" */;
			buildPhases = (
				44E82DB224D1641000A1741E /* Sources */,
				44E82DB324D1641000A1741E /* Frameworks */,
				44E82DB424D1641000A1741E /* Resources */,
			);
			buildRules = (
			);
			dependencies = (
			);
			name = "Demo Sidebar (iOS)";
			productName = "Demo Sidebar (iOS)";
			productReference = 44E82DB624D1641000A1741E /* Demo Sidebar.app */;
			productType = "com.apple.product-type.application";
		};
		44E82DBD24D1641000A1741E /* Demo Sidebar (macOS) */ = {
			isa = PBXNativeTarget;
			buildConfigurationList = 44E82DCD24D1641000A1741E /* Build configuration list for PBXNativeTarget "Demo Sidebar (macOS)" */;
			buildPhases = (
				44E82DBA24D1641000A1741E /* Sources */,
				44E82DBB24D1641000A1741E /* Frameworks */,
				44E82DBC24D1641000A1741E /* Resources */,
			);
			buildRules = (
			);
			dependencies = (
			);
			name = "Demo Sidebar (macOS)";
			productName = "Demo Sidebar (macOS)";
			productReference = 44E82DBE24D1641000A1741E /* Demo Sidebar.app */;
			productType = "com.apple.product-type.application";
		};
/* End PBXNativeTarget section */

/* Begin PBXProject section */
		44E82DAA24D1640E00A1741E /* Project object */ = {
			isa = PBXProject;
			attributes = {
				LastSwiftUpdateCheck = 1200;
				LastUpgradeCheck = 1200;
				TargetAttributes = {
					44E82DB524D1641000A1741E = {
						CreatedOnToolsVersion = 12.0;
					};
					44E82DBD24D1641000A1741E = {
						CreatedOnToolsVersion = 12.0;
					};
				};
			};
			buildConfigurationList = 44E82DAD24D1640E00A1741E /* Build configuration list for PBXProject "Demo Sidebar" */;
			compatibilityVersion = "Xcode 9.3";
			developmentRegion = en;
			hasScannedForEncodings = 0;
			knownRegions = (
				en,
				Base,
			);
			mainGroup = 44E82DA924D1640E00A1741E;
			productRefGroup = 44E82DB724D1641000A1741E /* Products */;
			projectDirPath = "";
			projectRoot = "";
			targets = (
				44E82DB524D1641000A1741E /* Demo Sidebar (iOS) */,
				44E82DBD24D1641000A1741E /* Demo Sidebar (macOS) */,
			);
		};
/* End PBXProject section */

/* Begin PBXResourcesBuildPhase section */
		44E82DB424D1641000A1741E /* Resources */ = {
			isa = PBXResourcesBuildPhase;
			buildActionMask = 2147483647;
			files = (
				44E82DC624D1641000A1741E /* Assets.xcassets in Resources */,
			);
			runOnlyForDeploymentPostprocessing = 0;
		};
		44E82DBC24D1641000A1741E /* Resources */ = {
			isa = PBXResourcesBuildPhase;
			buildActionMask = 2147483647;
			files = (
				44E82DC724D1641000A1741E /* Assets.xcassets in Resources */,
			);
			runOnlyForDeploymentPostprocessing = 0;
		};
/* End PBXResourcesBuildPhase section */

/* Begin PBXSourcesBuildPhase section */
		44E82DB224D1641000A1741E /* Sources */ = {
			isa = PBXSourcesBuildPhase;
			buildActionMask = 2147483647;
			files = (
				44E82DC424D1641000A1741E /* ContentView.swift in Sources */,
				44E82DC224D1641000A1741E /* SidebarApp.swift in Sources */,
			);
			runOnlyForDeploymentPostprocessing = 0;
		};
		44E82DBA24D1641000A1741E /* Sources */ = {
			isa = PBXSourcesBuildPhase;
			buildActionMask = 2147483647;
			files = (
				44E82DC524D1641000A1741E /* ContentView.swift in Sources */,
				44E82DC324D1641000A1741E /* SidebarApp.swift in Sources */,
				44E82DD124D164AB00A1741E /* SidebarView.swift in Sources */,
			);
			runOnlyForDeploymentPostprocessing = 0;
		};
/* End PBXSourcesBuildPhase section */

/* Begin XCBuildConfiguration section */
		44E82DC824D1641000A1741E /* Debug */ = {
			isa = XCBuildConfiguration;
			buildSettings = {
				ALWAYS_SEARCH_USER_PATHS = NO;
				CLANG_ANALYZER_NONNULL = YES;
				CLANG_ANALYZER_NUMBER_OBJECT_CONVERSION = YES_AGGRESSIVE;
				CLANG_CXX_LANGUAGE_STANDARD = "gnu++14";
				CLANG_CXX_LIBRARY = "libc++";
				CLANG_ENABLE_MODULES = YES;
				CLANG_ENABLE_OBJC_ARC = YES;
				CLANG_ENABLE_OBJC_WEAK = YES;
				CLANG_WARN_BLOCK_CAPTURE_AUTORELEASING = YES;
				CLANG_WARN_BOOL_CONVERSION = YES;
				CLANG_WARN_COMMA = YES;
				CLANG_WARN_CONSTANT_CONVERSION = YES;
				CLANG_WARN_DEPRECATED_OBJC_IMPLEMENTATIONS = YES;
				CLANG_WARN_DIRECT_OBJC_ISA_USAGE = YES_ERROR;
				CLANG_WARN_DOCUMENTATION_COMMENTS = YES;
				CLANG_WARN_EMPTY_BODY = YES;
				CLANG_WARN_ENUM_CONVERSION = YES;
				CLANG_WARN_INFINITE_RECURSION = YES;
				CLANG_WARN_INT_CONVERSION = YES;
				CLANG_WARN_NON_LITERAL_NULL_CONVERSION = YES;
				CLANG_WARN_OBJC_IMPLICIT_RETAIN_SELF = YES;
				CLANG_WARN_OBJC_LITERAL_CONVERSION = YES;
				CLANG_WARN_OBJC_ROOT_CLASS = YES_ERROR;
				CLANG_WARN_QUOTED_INCLUDE_IN_FRAMEWORK_HEADER = YES;
				CLANG_WARN_RANGE_LOOP_ANALYSIS = YES;
				CLANG_WARN_STRICT_PROTOTYPES = YES;
				CLANG_WARN_SUSPICIOUS_MOVE = YES;
				CLANG_WARN_UNGUARDED_AVAILABILITY = YES_AGGRESSIVE;
				CLANG_WARN_UNREACHABLE_CODE = YES;
				CLANG_WARN__DUPLICATE_METHOD_MATCH = YES;
				COPY_PHASE_STRIP = NO;
				DEBUG_INFORMATION_FORMAT = dwarf;
				ENABLE_STRICT_OBJC_MSGSEND = YES;
				ENABLE_TESTABILITY = YES;
				GCC_C_LANGUAGE_STANDARD = gnu11;
				GCC_DYNAMIC_NO_PIC = NO;
				GCC_NO_COMMON_BLOCKS = YES;
				GCC_OPTIMIZATION_LEVEL = 0;
				GCC_PREPROCESSOR_DEFINITIONS = (
					"DEBUG=1",
					"$(inherited)",
				);
				GCC_WARN_64_TO_32_BIT_CONVERSION = YES;
				GCC_WARN_ABOUT_RETURN_TYPE = YES_ERROR;
				GCC_WARN_UNDECLARED_SELECTOR = YES;
				GCC_WARN_UNINITIALIZED_AUTOS = YES_AGGRESSIVE;
				GCC_WARN_UNUSED_FUNCTION = YES;
				GCC_WARN_UNUSED_VARIABLE = YES;
				MTL_ENABLE_DEBUG_INFO = INCLUDE_SOURCE;
				MTL_FAST_MATH = YES;
				ONLY_ACTIVE_ARCH = YES;
				SWIFT_ACTIVE_COMPILATION_CONDITIONS = DEBUG;
				SWIFT_OPTIMIZATION_LEVEL = "-Onone";
			};
			name = Debug;
		};
		44E82DC924D1641000A1741E /* Release */ = {
			isa = XCBuildConfiguration;
			buildSettings = {
				ALWAYS_SEARCH_USER_PATHS = NO;
				CLANG_ANALYZER_NONNULL = YES;
				CLANG_ANALYZER_NUMBER_OBJECT_CONVERSION = YES_AGGRESSIVE;
				CLANG_CXX_LANGUAGE_STANDARD = "gnu++14";
				CLANG_CXX_LIBRARY = "libc++";
				CLANG_ENABLE_MODULES = YES;
				CLANG_ENABLE_OBJC_ARC = YES;
				CLANG_ENABLE_OBJC_WEAK = YES;
				CLANG_WARN_BLOCK_CAPTURE_AUTORELEASING = YES;
				CLANG_WARN_BOOL_CONVERSION = YES;
				CLANG_WARN_COMMA = YES;
				CLANG_WARN_CONSTANT_CONVERSION = YES;
				CLANG_WARN_DEPRECATED_OBJC_IMPLEMENTATIONS = YES;
				CLANG_WARN_DIRECT_OBJC_ISA_USAGE = YES_ERROR;
				CLANG_WARN_DOCUMENTATION_COMMENTS = YES;
				CLANG_WARN_EMPTY_BODY = YES;
				CLANG_WARN_ENUM_CONVERSION = YES;
				CLANG_WARN_INFINITE_RECURSION = YES;
				CLANG_WARN_INT_CONVERSION = YES;
				CLANG_WARN_NON_LITERAL_NULL_CONVERSION = YES;
				CLANG_WARN_OBJC_IMPLICIT_RETAIN_SELF = YES;
				CLANG_WARN_OBJC_LITERAL_CONVERSION = YES;
				CLANG_WARN_OBJC_ROOT_CLASS = YES_ERROR;
				CLANG_WARN_QUOTED_INCLUDE_IN_FRAMEWORK_HEADER = YES;
				CLANG_WARN_RANGE_LOOP_ANALYSIS = YES;
				CLANG_WARN_STRICT_PROTOTYPES = YES;
				CLANG_WARN_SUSPICIOUS_MOVE = YES;
				CLANG_WARN_UNGUARDED_AVAILABILITY = YES_AGGRESSIVE;
				CLANG_WARN_UNREACHABLE_CODE = YES;
				CLANG_WARN__DUPLICATE_METHOD_MATCH = YES;
				COPY_PHASE_STRIP = NO;
				DEBUG_INFORMATION_FORMAT = "dwarf-with-dsym";
				ENABLE_NS_ASSERTIONS = NO;
				ENABLE_STRICT_OBJC_MSGSEND = YES;
				GCC_C_LANGUAGE_STANDARD = gnu11;
				GCC_NO_COMMON_BLOCKS = YES;
				GCC_WARN_64_TO_32_BIT_CONVERSION = YES;
				GCC_WARN_ABOUT_RETURN_TYPE = YES_ERROR;
				GCC_WARN_UNDECLARED_SELECTOR = YES;
				GCC_WARN_UNINITIALIZED_AUTOS = YES_AGGRESSIVE;
				GCC_WARN_UNUSED_FUNCTION = YES;
				GCC_WARN_UNUSED_VARIABLE = YES;
				MTL_ENABLE_DEBUG_INFO = NO;
				MTL_FAST_MATH = YES;
				SWIFT_COMPILATION_MODE = wholemodule;
				SWIFT_OPTIMIZATION_LEVEL = "-O";
			};
			name = Release;
		};
		44E82DCB24D1641000A1741E /* Debug */ = {
			isa = XCBuildConfiguration;
			buildSettings = {
				ASSETCATALOG_COMPILER_APPICON_NAME = AppIcon;
				ASSETCATALOG_COMPILER_GLOBAL_ACCENT_COLOR_NAME = AccentColor;
				CODE_SIGN_STYLE = Automatic;
				ENABLE_PREVIEWS = YES;
				INFOPLIST_FILE = iOS/Info.plist;
				IPHONEOS_DEPLOYMENT_TARGET = 14.0;
				LD_RUNPATH_SEARCH_PATHS = (
					"$(inherited)",
					"@executable_path/Frameworks",
				);
				PRODUCT_BUNDLE_IDENTIFIER = "io.startway.Demo-Sidebar";
				PRODUCT_NAME = "Demo Sidebar";
				SDKROOT = iphoneos;
				SWIFT_VERSION = 5.0;
				TARGETED_DEVICE_FAMILY = "1,2";
			};
			name = Debug;
		};
		44E82DCC24D1641000A1741E /* Release */ = {
			isa = XCBuildConfiguration;
			buildSettings = {
				ASSETCATALOG_COMPILER_APPICON_NAME = AppIcon;
				ASSETCATALOG_COMPILER_GLOBAL_ACCENT_COLOR_NAME = AccentColor;
				CODE_SIGN_STYLE = Automatic;
				ENABLE_PREVIEWS = YES;
				INFOPLIST_FILE = iOS/Info.plist;
				IPHONEOS_DEPLOYMENT_TARGET = 14.0;
				LD_RUNPATH_SEARCH_PATHS = (
					"$(inherited)",
					"@executable_path/Frameworks",
				);
				PRODUCT_BUNDLE_IDENTIFIER = "io.startway.Demo-Sidebar";
				PRODUCT_NAME = "Demo Sidebar";
				SDKROOT = iphoneos;
				SWIFT_VERSION = 5.0;
				TARGETED_DEVICE_FAMILY = "1,2";
				VALIDATE_PRODUCT = YES;
			};
			name = Release;
		};
		44E82DCE24D1641000A1741E /* Debug */ = {
			isa = XCBuildConfiguration;
			buildSettings = {
				ASSETCATALOG_COMPILER_APPICON_NAME = AppIcon;
				ASSETCATALOG_COMPILER_GLOBAL_ACCENT_COLOR_NAME = AccentColor;
				CODE_SIGN_ENTITLEMENTS = macOS/macOS.entitlements;
				CODE_SIGN_STYLE = Automatic;
				COMBINE_HIDPI_IMAGES = YES;
				ENABLE_PREVIEWS = YES;
				INFOPLIST_FILE = macOS/Info.plist;
				LD_RUNPATH_SEARCH_PATHS = (
					"$(inherited)",
					"@executable_path/../Frameworks",
				);
				MACOSX_DEPLOYMENT_TARGET = 11.0;
				PRODUCT_BUNDLE_IDENTIFIER = "io.startway.Demo-Sidebar";
				PRODUCT_NAME = "Demo Sidebar";
				SDKROOT = macosx;
				SWIFT_VERSION = 5.0;
			};
			name = Debug;
		};
		44E82DCF24D1641000A1741E /* Release */ = {
			isa = XCBuildConfiguration;
			buildSettings = {
				ASSETCATALOG_COMPILER_APPICON_NAME = AppIcon;
				ASSETCATALOG_COMPILER_GLOBAL_ACCENT_COLOR_NAME = AccentColor;
				CODE_SIGN_ENTITLEMENTS = macOS/macOS.entitlements;
				CODE_SIGN_STYLE = Automatic;
				COMBINE_HIDPI_IMAGES = YES;
				ENABLE_PREVIEWS = YES;
				INFOPLIST_FILE = macOS/Info.plist;
				LD_RUNPATH_SEARCH_PATHS = (
					"$(inherited)",
					"@executable_path/../Frameworks",
				);
				MACOSX_DEPLOYMENT_TARGET = 11.0;
				PRODUCT_BUNDLE_IDENTIFIER = "io.startway.Demo-Sidebar";
				PRODUCT_NAME = "Demo Sidebar";
				SDKROOT = macosx;
				SWIFT_VERSION = 5.0;
			};
			name = Release;
		};
/* End XCBuildConfiguration section */

/* Begin XCConfigurationList section */
		44E82DAD24D1640E00A1741E /* Build configuration list for PBXProject "Demo Sidebar" */ = {
			isa = XCConfigurationList;
			buildConfigurations = (
				44E82DC824D1641000A1741E /* Debug */,
				44E82DC924D1641000A1741E /* Release */,
			);
			defaultConfigurationIsVisible = 0;
			defaultConfigurationName = Release;
		};
		44E82DCA24D1641000A1741E /* Build configuration list for PBXNativeTarget "Demo Sidebar (iOS)" */ = {
			isa = XCConfigurationList;
			buildConfigurations = (
				44E82DCB24D1641000A1741E /* Debug */,
				44E82DCC24D1641000A1741E /* Release */,
			);
			defaultConfigurationIsVisible = 0;
			defaultConfigurationName = Release;
		};
		44E82DCD24D1641000A1741E /* Build configuration list for PBXNativeTarget "Demo Sidebar (macOS)" */ = {
			isa = XCConfigurationList;
			buildConfigurations = (
				44E82DCE24D1641000A1741E /* Debug */,
				44E82DCF24D1641000A1741E /* Release */,
			);
			defaultConfigurationIsVisible = 0;
			defaultConfigurationName = Release;
		};
/* End XCConfigurationList section */
	};
	rootObject = 44E82DAA24D1640E00A1741E /* Project object */;
}
